
Microsoft Visual Studio Solution File, Format Version 12.00
# Visual Studio 15
VisualStudioVersion = 15.0.28307.329
MinimumVisualStudioVersion = 10.0.40219.1
Project("{9A19103F-16F7-4668-BE54-9A1E7A4F7556}") = "DevOpsDemo", "DevOpsDemo\DevOpsDemo.csproj", "{661A4A70-87AF-4F99-A5F4-6DD199D6C927}"
EndProject
Project("{FAE04EC0-301F-11D3-BF4B-00C04F79EFBC}") = "DevOpsDemo.Test", "DevOpsDemo.Test\DevOpsDemo.Test.csproj", "{706CF424-C216-4B53-9A32-D6522B8D663D}"
EndProject
Global
	GlobalSection(SolutionConfigurationPlatforms) = preSolution
		Debug|Any CPU = Debug|Any CPU
		Release|Any CPU = Release|Any CPU
	EndGlobalSection
	GlobalSection(ProjectConfigurationPlatforms) = postSolution
		{661A4A70-87AF-4F99-A5F4-6DD199D6C927}.Debug|Any CPU.ActiveCfg = Debug|Any CPU
		{661A4A70-87AF-4F99-A5F4-6DD199D6C927}.Debug|Any CPU.Build.0 = Debug|Any CPU
		{661A4A70-87AF-4F99-A5F4-6DD199D6C927}.Release|Any CPU.ActiveCfg = Release|Any CPU
		{661A4A70-87AF-4F99-A5F4-6DD199D6C927}.Release|Any CPU.Build.0 = Release|Any CPU
		{706CF424-C216-4B53-9A32-D6522B8D663D}.Debug|Any CPU.ActiveCfg = Debug|Any CPU
		{706CF424-C216-4B53-9A32-D6522B8D663D}.Debug|Any CPU.Build.0 = Debug|Any CPU
		{706CF424-C216-4B53-9A32-D6522B8D663D}.Release|Any CPU.ActiveCfg = Release|Any CPU
		{706CF424-C216-4B53-9A32-D6522B8D663D}.Release|Any CPU.Build.0 = Release|Any CPU
	EndGlobalSection
	GlobalSection(SolutionProperties) = preSolution
		HideSolutionNode = FALSE
	EndGlobalSection
	GlobalSection(ExtensibilityGlobals) = postSolution
		SolutionGuid = {62235E47-3494-433F-B076-3462FC1DB196}
	EndGlobalSection
EndGlobal
